
Microsoft Visual Studio Solution File, Format Version 12.00
# Visual Studio Version 16
VisualStudioVersion = 25.0.1704.0
MinimumVisualStudioVersion = 10.0.40219.1
Project("{FAE04EC0-301F-11D3-BF4B-00C04F79EFBC}") = "LegoSetTracker", "LegoSetTracker\LegoSetTracker.csproj", "{929D9B19-8488-4687-B273-51BAADC31746}"
EndProject
Global
	GlobalSection(SolutionConfigurationPlatforms) = preSolution
		Debug|Any CPU = Debug|Any CPU
		Release|Any CPU = Release|Any CPU
	EndGlobalSection
	GlobalSection(ProjectConfigurationPlatforms) = postSolution
		{929D9B19-8488-4687-B273-51BAADC31746}.Debug|Any CPU.ActiveCfg = Debug|Any CPU
		{929D9B19-8488-4687-B273-51BAADC31746}.Debug|Any CPU.Build.0 = Debug|Any CPU
		{929D9B19-8488-4687-B273-51BAADC31746}.Release|Any CPU.ActiveCfg = Release|Any CPU
		{929D9B19-8488-4687-B273-51BAADC31746}.Release|Any CPU.Build.0 = Release|Any CPU
	EndGlobalSection
	GlobalSection(SolutionProperties) = preSolution
		HideSolutionNode = FALSE
	EndGlobalSection
	GlobalSection(ExtensibilityGlobals) = postSolution
		SolutionGuid = {14E3677C-D6B1-4839-85F2-77615C86975B}
	EndGlobalSection
EndGlobal
